
Microsoft Visual Studio Solution File, Format Version 12.00
# Visual Studio 15
Project("{FAE04EC0-301F-11D3-BF4B-00C04F79EFBC}") = "AliPay", "AliPay\AliPay.csproj", "{5C8E1E80-3283-47C1-B13C-9BA9682E50DA}"
EndProject
Project("{FAE04EC0-301F-11D3-BF4B-00C04F79EFBC}") = "AliPay.Sample", "AliPay.Sample\AliPay.Sample.csproj", "{5C639D0B-051C-47CD-8D24-013697EA9073}"
EndProject
Global
	GlobalSection(SolutionConfigurationPlatforms) = preSolution
		Debug|Any CPU = Debug|Any CPU
		Release|Any CPU = Release|Any CPU
		Debug|iPhoneSimulator = Debug|iPhoneSimulator
		Release|iPhone = Release|iPhone
		Release|iPhoneSimulator = Release|iPhoneSimulator
		Debug|iPhone = Debug|iPhone
	EndGlobalSection
	GlobalSection(ProjectConfigurationPlatforms) = postSolution
		{5C8E1E80-3283-47C1-B13C-9BA9682E50DA}.Debug|Any CPU.ActiveCfg = Debug|Any CPU
		{5C8E1E80-3283-47C1-B13C-9BA9682E50DA}.Debug|Any CPU.Build.0 = Debug|Any CPU
		{5C8E1E80-3283-47C1-B13C-9BA9682E50DA}.Release|Any CPU.ActiveCfg = Release|Any CPU
		{5C8E1E80-3283-47C1-B13C-9BA9682E50DA}.Release|Any CPU.Build.0 = Release|Any CPU
		{5C8E1E80-3283-47C1-B13C-9BA9682E50DA}.Debug|iPhoneSimulator.ActiveCfg = Debug|Any CPU
		{5C8E1E80-3283-47C1-B13C-9BA9682E50DA}.Debug|iPhoneSimulator.Build.0 = Debug|Any CPU
		{5C8E1E80-3283-47C1-B13C-9BA9682E50DA}.Release|iPhone.ActiveCfg = Release|Any CPU
		{5C8E1E80-3283-47C1-B13C-9BA9682E50DA}.Release|iPhone.Build.0 = Release|Any CPU
		{5C8E1E80-3283-47C1-B13C-9BA9682E50DA}.Release|iPhoneSimulator.ActiveCfg = Release|Any CPU
		{5C8E1E80-3283-47C1-B13C-9BA9682E50DA}.Release|iPhoneSimulator.Build.0 = Release|Any CPU
		{5C8E1E80-3283-47C1-B13C-9BA9682E50DA}.Debug|iPhone.ActiveCfg = Debug|Any CPU
		{5C8E1E80-3283-47C1-B13C-9BA9682E50DA}.Debug|iPhone.Build.0 = Debug|Any CPU
		{5C639D0B-051C-47CD-8D24-013697EA9073}.Debug|Any CPU.ActiveCfg = Debug|iPhoneSimulator
		{5C639D0B-051C-47CD-8D24-013697EA9073}.Debug|Any CPU.Build.0 = Debug|iPhoneSimulator
		{5C639D0B-051C-47CD-8D24-013697EA9073}.Release|Any CPU.ActiveCfg = Release|iPhone
		{5C639D0B-051C-47CD-8D24-013697EA9073}.Release|Any CPU.Build.0 = Release|iPhone
		{5C639D0B-051C-47CD-8D24-013697EA9073}.Debug|iPhoneSimulator.ActiveCfg = Debug|iPhoneSimulator
		{5C639D0B-051C-47CD-8D24-013697EA9073}.Debug|iPhoneSimulator.Build.0 = Debug|iPhoneSimulator
		{5C639D0B-051C-47CD-8D24-013697EA9073}.Release|iPhone.ActiveCfg = Release|iPhone
		{5C639D0B-051C-47CD-8D24-013697EA9073}.Release|iPhone.Build.0 = Release|iPhone
		{5C639D0B-051C-47CD-8D24-013697EA9073}.Release|iPhoneSimulator.ActiveCfg = Release|iPhoneSimulator
		{5C639D0B-051C-47CD-8D24-013697EA9073}.Release|iPhoneSimulator.Build.0 = Release|iPhoneSimulator
		{5C639D0B-051C-47CD-8D24-013697EA9073}.Debug|iPhone.ActiveCfg = Debug|iPhone
		{5C639D0B-051C-47CD-8D24-013697EA9073}.Debug|iPhone.Build.0 = Debug|iPhone
	EndGlobalSection
EndGlobal
